
Microsoft Visual Studio Solution File, Format Version 12.00
# Visual Studio Version 16
VisualStudioVersion = 16.0.34407.143
MinimumVisualStudioVersion = 10.0.40219.1
Project("{FAE04EC0-301F-11D3-BF4B-00C04F79EFBC}") = "Hunger", "Hunger\Hunger.csproj", "{9C47FB1B-FB04-4E59-8F2B-2D6C808A16D2}"
EndProject
Global
	GlobalSection(SolutionConfigurationPlatforms) = preSolution
		Debug|Any CPU = Debug|Any CPU
		Release|Any CPU = Release|Any CPU
	EndGlobalSection
	GlobalSection(ProjectConfigurationPlatforms) = postSolution
		{9C47FB1B-FB04-4E59-8F2B-2D6C808A16D2}.Debug|Any CPU.ActiveCfg = Debug|Any CPU
		{9C47FB1B-FB04-4E59-8F2B-2D6C808A16D2}.Debug|Any CPU.Build.0 = Debug|Any CPU
		{9C47FB1B-FB04-4E59-8F2B-2D6C808A16D2}.Release|Any CPU.ActiveCfg = Release|Any CPU
		{9C47FB1B-FB04-4E59-8F2B-2D6C808A16D2}.Release|Any CPU.Build.0 = Release|Any CPU
	EndGlobalSection
	GlobalSection(SolutionProperties) = preSolution
		HideSolutionNode = FALSE
	EndGlobalSection
	GlobalSection(ExtensibilityGlobals) = postSolution
		SolutionGuid = {A9BE00CE-0E91-496B-B2CE-65CBF740442A}
	EndGlobalSection
EndGlobal
